{
  "version": "3",
  "packages": {
    "specifiers": {
      "jsr:@std/assert@^0.214.0": "jsr:@std/assert@0.214.0",
      "jsr:@std/fs@^0.214.0": "jsr:@std/fs@0.214.0",
      "jsr:@std/path@^0.214.0": "jsr:@std/path@0.214.0",
      "npm:hast-util-to-html@9.0.0": "npm:hast-util-to-html@9.0.0",
      "npm:hastscript@8.0.0": "npm:hastscript@8.0.0"
    },
    "jsr": {
      "@std/fs@0.214.0": {
        "dependencies": [
          "jsr:@std/path@^0.214.0"
        ]
      },
      "@std/path@0.214.0": {
        "dependencies": [
          "jsr:@std/assert@^0.214.0"
        ]
      }
    },
    "npm": {
      "@types/hast@3.0.4": {
        "integrity": "sha512-WPs+bbQw5aCj+x6laNGWLH3wviHtoCv/P3+otBhbOhJgG8qtpdAMlTCxLtsTWA7LH1Oh/bFCHsBn0TPS5m30EQ==",
        "dependencies": {
          "@types/unist": "@types/unist@3.0.2"
        }
      },
      "@types/mdast@4.0.3": {
        "integrity": "sha512-LsjtqsyF+d2/yFOYaN22dHZI1Cpwkrj+g06G8+qtUKlhovPW89YhqSnfKtMbkgmEtYpH2gydRNULd6y8mciAFg==",
        "dependencies": {
          "@types/unist": "@types/unist@3.0.2"
        }
      },
      "@types/unist@3.0.2": {
        "integrity": "sha512-dqId9J8K/vGi5Zr7oo212BGii5m3q5Hxlkwy3WpYuKPklmBEvsbMYYyLxAQpSffdLl/gdW0XUpKWFvYmyoWCoQ==",
        "dependencies": {}
      },
      "@ungap/structured-clone@1.2.0": {
        "integrity": "sha512-zuVdFrMJiuCDQUMCzQaD6KL28MjnqqN8XnAqiEq9PNm/hCPTSGfrXCOfwj1ow4LFb/tNymJPwsNbVePc1xFqrQ==",
        "dependencies": {}
      },
      "ccount@2.0.1": {
        "integrity": "sha512-eyrF0jiFpY+3drT6383f1qhkbGsLSifNAjA61IUjZjmLCWjItY6LB9ft9YhoDgwfmclB2zhu51Lc7+95b8NRAg==",
        "dependencies": {}
      },
      "character-entities-html4@2.1.0": {
        "integrity": "sha512-1v7fgQRj6hnSwFpq1Eu0ynr/CDEw0rXo2B61qXrLNdHZmPKgb7fqS1a2JwF0rISo9q77jDI8VMEHoApn8qDoZA==",
        "dependencies": {}
      },
      "character-entities-legacy@3.0.0": {
        "integrity": "sha512-RpPp0asT/6ufRm//AJVwpViZbGM/MkjQFxJccQRHmISF/22NBtsHqAWmL+/pmkPWoIUJdWyeVleTl1wydHATVQ==",
        "dependencies": {}
      },
      "comma-separated-tokens@2.0.3": {
        "integrity": "sha512-Fu4hJdvzeylCfQPp9SGWidpzrMs7tTrlu6Vb8XGaRGck8QSNZJJp538Wrb60Lax4fPwR64ViY468OIUTbRlGZg==",
        "dependencies": {}
      },
      "dequal@2.0.3": {
        "integrity": "sha512-0je+qPKHEMohvfRTCEo3CrPG6cAzAYgmzKyxRiYSSDkS6eGJdyVJm7WaYA5ECaAD9wLB2T4EEeymA5aFVcYXCA==",
        "dependencies": {}
      },
      "devlop@1.1.0": {
        "integrity": "sha512-RWmIqhcFf1lRYBvNmr7qTNuyCt/7/ns2jbpp1+PalgE/rDQcBT0fioSMUpJ93irlUhC5hrg4cYqe6U+0ImW0rA==",
        "dependencies": {
          "dequal": "dequal@2.0.3"
        }
      },
      "entities@4.5.0": {
        "integrity": "sha512-V0hjH4dGPh9Ao5p0MoRY6BVqtwCjhz6vI5LT8AJ55H+4g9/4vbHx1I54fS0XuclLhDHArPQCiMjDxjaL8fPxhw==",
        "dependencies": {}
      },
      "hast-util-from-parse5@8.0.1": {
        "integrity": "sha512-Er/Iixbc7IEa7r/XLtuG52zoqn/b3Xng/w6aZQ0xGVxzhw5xUFxcRqdPzP6yFi/4HBYRaifaI5fQ1RH8n0ZeOQ==",
        "dependencies": {
          "@types/hast": "@types/hast@3.0.4",
          "@types/unist": "@types/unist@3.0.2",
          "devlop": "devlop@1.1.0",
          "hastscript": "hastscript@8.0.0",
          "property-information": "property-information@6.4.1",
          "vfile": "vfile@6.0.1",
          "vfile-location": "vfile-location@5.0.2",
          "web-namespaces": "web-namespaces@2.0.1"
        }
      },
      "hast-util-parse-selector@4.0.0": {
        "integrity": "sha512-wkQCkSYoOGCRKERFWcxMVMOcYE2K1AaNLU8DXS9arxnLOUEWbOXKXiJUNzEpqZ3JOKpnha3jkFrumEjVliDe7A==",
        "dependencies": {
          "@types/hast": "@types/hast@3.0.4"
        }
      },
      "hast-util-raw@9.0.2": {
        "integrity": "sha512-PldBy71wO9Uq1kyaMch9AHIghtQvIwxBUkv823pKmkTM3oV1JxtsTNYdevMxvUHqcnOAuO65JKU2+0NOxc2ksA==",
        "dependencies": {
          "@types/hast": "@types/hast@3.0.4",
          "@types/unist": "@types/unist@3.0.2",
          "@ungap/structured-clone": "@ungap/structured-clone@1.2.0",
          "hast-util-from-parse5": "hast-util-from-parse5@8.0.1",
          "hast-util-to-parse5": "hast-util-to-parse5@8.0.0",
          "html-void-elements": "html-void-elements@3.0.0",
          "mdast-util-to-hast": "mdast-util-to-hast@13.1.0",
          "parse5": "parse5@7.1.2",
          "unist-util-position": "unist-util-position@5.0.0",
          "unist-util-visit": "unist-util-visit@5.0.0",
          "vfile": "vfile@6.0.1",
          "web-namespaces": "web-namespaces@2.0.1",
          "zwitch": "zwitch@2.0.4"
        }
      },
      "hast-util-to-html@9.0.0": {
        "integrity": "sha512-IVGhNgg7vANuUA2XKrT6sOIIPgaYZnmLx3l/CCOAK0PtgfoHrZwX7jCSYyFxHTrGmC6S9q8aQQekjp4JPZF+cw==",
        "dependencies": {
          "@types/hast": "@types/hast@3.0.4",
          "@types/unist": "@types/unist@3.0.2",
          "ccount": "ccount@2.0.1",
          "comma-separated-tokens": "comma-separated-tokens@2.0.3",
          "hast-util-raw": "hast-util-raw@9.0.2",
          "hast-util-whitespace": "hast-util-whitespace@3.0.0",
          "html-void-elements": "html-void-elements@3.0.0",
          "mdast-util-to-hast": "mdast-util-to-hast@13.1.0",
          "property-information": "property-information@6.4.1",
          "space-separated-tokens": "space-separated-tokens@2.0.2",
          "stringify-entities": "stringify-entities@4.0.3",
          "zwitch": "zwitch@2.0.4"
        }
      },
      "hast-util-to-parse5@8.0.0": {
        "integrity": "sha512-3KKrV5ZVI8if87DVSi1vDeByYrkGzg4mEfeu4alwgmmIeARiBLKCZS2uw5Gb6nU9x9Yufyj3iudm6i7nl52PFw==",
        "dependencies": {
          "@types/hast": "@types/hast@3.0.4",
          "comma-separated-tokens": "comma-separated-tokens@2.0.3",
          "devlop": "devlop@1.1.0",
          "property-information": "property-information@6.4.1",
          "space-separated-tokens": "space-separated-tokens@2.0.2",
          "web-namespaces": "web-namespaces@2.0.1",
          "zwitch": "zwitch@2.0.4"
        }
      },
      "hast-util-whitespace@3.0.0": {
        "integrity": "sha512-88JUN06ipLwsnv+dVn+OIYOvAuvBMy/Qoi6O7mQHxdPXpjy+Cd6xRkWwux7DKO+4sYILtLBRIKgsdpS2gQc7qw==",
        "dependencies": {
          "@types/hast": "@types/hast@3.0.4"
        }
      },
      "hastscript@8.0.0": {
        "integrity": "sha512-dMOtzCEd3ABUeSIISmrETiKuyydk1w0pa+gE/uormcTpSYuaNJPbX1NU3JLyscSLjwAQM8bWMhhIlnCqnRvDTw==",
        "dependencies": {
          "@types/hast": "@types/hast@3.0.4",
          "comma-separated-tokens": "comma-separated-tokens@2.0.3",
          "hast-util-parse-selector": "hast-util-parse-selector@4.0.0",
          "property-information": "property-information@6.4.1",
          "space-separated-tokens": "space-separated-tokens@2.0.2"
        }
      },
      "html-void-elements@3.0.0": {
        "integrity": "sha512-bEqo66MRXsUGxWHV5IP0PUiAWwoEjba4VCzg0LjFJBpchPaTfyfCKTG6bc5F8ucKec3q5y6qOdGyYTSBEvhCrg==",
        "dependencies": {}
      },
      "mdast-util-to-hast@13.1.0": {
        "integrity": "sha512-/e2l/6+OdGp/FB+ctrJ9Avz71AN/GRH3oi/3KAx/kMnoUsD6q0woXlDT8lLEeViVKE7oZxE7RXzvO3T8kF2/sA==",
        "dependencies": {
          "@types/hast": "@types/hast@3.0.4",
          "@types/mdast": "@types/mdast@4.0.3",
          "@ungap/structured-clone": "@ungap/structured-clone@1.2.0",
          "devlop": "devlop@1.1.0",
          "micromark-util-sanitize-uri": "micromark-util-sanitize-uri@2.0.0",
          "trim-lines": "trim-lines@3.0.1",
          "unist-util-position": "unist-util-position@5.0.0",
          "unist-util-visit": "unist-util-visit@5.0.0",
          "vfile": "vfile@6.0.1"
        }
      },
      "micromark-util-character@2.1.0": {
        "integrity": "sha512-KvOVV+X1yLBfs9dCBSopq/+G1PcgT3lAK07mC4BzXi5E7ahzMAF8oIupDDJ6mievI6F+lAATkbQQlQixJfT3aQ==",
        "dependencies": {
          "micromark-util-symbol": "micromark-util-symbol@2.0.0",
          "micromark-util-types": "micromark-util-types@2.0.0"
        }
      },
      "micromark-util-encode@2.0.0": {
        "integrity": "sha512-pS+ROfCXAGLWCOc8egcBvT0kf27GoWMqtdarNfDcjb6YLuV5cM3ioG45Ys2qOVqeqSbjaKg72vU+Wby3eddPsA==",
        "dependencies": {}
      },
      "micromark-util-sanitize-uri@2.0.0": {
        "integrity": "sha512-WhYv5UEcZrbAtlsnPuChHUAsu/iBPOVaEVsntLBIdpibO0ddy8OzavZz3iL2xVvBZOpolujSliP65Kq0/7KIYw==",
        "dependencies": {
          "micromark-util-character": "micromark-util-character@2.1.0",
          "micromark-util-encode": "micromark-util-encode@2.0.0",
          "micromark-util-symbol": "micromark-util-symbol@2.0.0"
        }
      },
      "micromark-util-symbol@2.0.0": {
        "integrity": "sha512-8JZt9ElZ5kyTnO94muPxIGS8oyElRJaiJO8EzV6ZSyGQ1Is8xwl4Q45qU5UOg+bGH4AikWziz0iN4sFLWs8PGw==",
        "dependencies": {}
      },
      "micromark-util-types@2.0.0": {
        "integrity": "sha512-oNh6S2WMHWRZrmutsRmDDfkzKtxF+bc2VxLC9dvtrDIRFln627VsFP6fLMgTryGDljgLPjkrzQSDcPrjPyDJ5w==",
        "dependencies": {}
      },
      "parse5@7.1.2": {
        "integrity": "sha512-Czj1WaSVpaoj0wbhMzLmWD69anp2WH7FXMB9n1Sy8/ZFF9jolSQVMu1Ij5WIyGmcBmhk7EOndpO4mIpihVqAXw==",
        "dependencies": {
          "entities": "entities@4.5.0"
        }
      },
      "property-information@6.4.1": {
        "integrity": "sha512-OHYtXfu5aI2sS2LWFSN5rgJjrQ4pCy8i1jubJLe2QvMF8JJ++HXTUIVWFLfXJoaOfvYYjk2SN8J2wFUWIGXT4w==",
        "dependencies": {}
      },
      "space-separated-tokens@2.0.2": {
        "integrity": "sha512-PEGlAwrG8yXGXRjW32fGbg66JAlOAwbObuqVoJpv/mRgoWDQfgH1wDPvtzWyUSNAXBGSk8h755YDbbcEy3SH2Q==",
        "dependencies": {}
      },
      "stringify-entities@4.0.3": {
        "integrity": "sha512-BP9nNHMhhfcMbiuQKCqMjhDP5yBCAxsPu4pHFFzJ6Alo9dZgY4VLDPutXqIjpRiMoKdp7Av85Gr73Q5uH9k7+g==",
        "dependencies": {
          "character-entities-html4": "character-entities-html4@2.1.0",
          "character-entities-legacy": "character-entities-legacy@3.0.0"
        }
      },
      "trim-lines@3.0.1": {
        "integrity": "sha512-kRj8B+YHZCc9kQYdWfJB2/oUl9rA99qbowYYBtr4ui4mZyAQ2JpvVBd/6U2YloATfqBhBTSMhTpgBHtU0Mf3Rg==",
        "dependencies": {}
      },
      "unist-util-is@6.0.0": {
        "integrity": "sha512-2qCTHimwdxLfz+YzdGfkqNlH0tLi9xjTnHddPmJwtIG9MGsdbutfTc4P+haPD7l7Cjxf/WZj+we5qfVPvvxfYw==",
        "dependencies": {
          "@types/unist": "@types/unist@3.0.2"
        }
      },
      "unist-util-position@5.0.0": {
        "integrity": "sha512-fucsC7HjXvkB5R3kTCO7kUjRdrS0BJt3M/FPxmHMBOm8JQi2BsHAHFsy27E0EolP8rp0NzXsJ+jNPyDWvOJZPA==",
        "dependencies": {
          "@types/unist": "@types/unist@3.0.2"
        }
      },
      "unist-util-stringify-position@4.0.0": {
        "integrity": "sha512-0ASV06AAoKCDkS2+xw5RXJywruurpbC4JZSm7nr7MOt1ojAzvyyaO+UxZf18j8FCF6kmzCZKcAgN/yu2gm2XgQ==",
        "dependencies": {
          "@types/unist": "@types/unist@3.0.2"
        }
      },
      "unist-util-visit-parents@6.0.1": {
        "integrity": "sha512-L/PqWzfTP9lzzEa6CKs0k2nARxTdZduw3zyh8d2NVBnsyvHjSX4TWse388YrrQKbvI8w20fGjGlhgT96WwKykw==",
        "dependencies": {
          "@types/unist": "@types/unist@3.0.2",
          "unist-util-is": "unist-util-is@6.0.0"
        }
      },
      "unist-util-visit@5.0.0": {
        "integrity": "sha512-MR04uvD+07cwl/yhVuVWAtw+3GOR/knlL55Nd/wAdblk27GCVt3lqpTivy/tkJcZoNPzTwS1Y+KMojlLDhoTzg==",
        "dependencies": {
          "@types/unist": "@types/unist@3.0.2",
          "unist-util-is": "unist-util-is@6.0.0",
          "unist-util-visit-parents": "unist-util-visit-parents@6.0.1"
        }
      },
      "vfile-location@5.0.2": {
        "integrity": "sha512-NXPYyxyBSH7zB5U6+3uDdd6Nybz6o6/od9rk8bp9H8GR3L+cm/fC0uUTbqBmUTnMCUDslAGBOIKNfvvb+gGlDg==",
        "dependencies": {
          "@types/unist": "@types/unist@3.0.2",
          "vfile": "vfile@6.0.1"
        }
      },
      "vfile-message@4.0.2": {
        "integrity": "sha512-jRDZ1IMLttGj41KcZvlrYAaI3CfqpLpfpf+Mfig13viT6NKvRzWZ+lXz0Y5D60w6uJIBAOGq9mSHf0gktF0duw==",
        "dependencies": {
          "@types/unist": "@types/unist@3.0.2",
          "unist-util-stringify-position": "unist-util-stringify-position@4.0.0"
        }
      },
      "vfile@6.0.1": {
        "integrity": "sha512-1bYqc7pt6NIADBJ98UiG0Bn/CHIVOoZ/IyEkqIruLg0mE1BKzkOXY2D6CSqQIcKqgadppE5lrxgWXJmXd7zZJw==",
        "dependencies": {
          "@types/unist": "@types/unist@3.0.2",
          "unist-util-stringify-position": "unist-util-stringify-position@4.0.0",
          "vfile-message": "vfile-message@4.0.2"
        }
      },
      "web-namespaces@2.0.1": {
        "integrity": "sha512-bKr1DkiNa2krS7qxNtdrtHAmzuYGFQLiQ13TsorsdT6ULTkPLKuu5+GsFpDlg6JFjUTwX2DyhMPG2be8uPrqsQ==",
        "dependencies": {}
      },
      "zwitch@2.0.4": {
        "integrity": "sha512-bXE4cR/kVZhKZX/RjPEflHaKVhUVl85noU3v6b8apfQEc1x4A+zBxjZ4lN8LqGd6WZ3dl98pY4o717VFmoPp+A==",
        "dependencies": {}
      }
    }
  },
  "remote": {
    "https://deno.land/std@0.140.0/_util/assert.ts": "e94f2eb37cebd7f199952e242c77654e43333c1ac4c5c700e929ea3aa5489f74",
    "https://deno.land/std@0.140.0/_util/os.ts": "3b4c6e27febd119d36a416d7a97bd3b0251b77c88942c8f16ee5953ea13e2e49",
    "https://deno.land/std@0.140.0/bytes/bytes_list.ts": "67eb118e0b7891d2f389dad4add35856f4ad5faab46318ff99653456c23b025d",
    "https://deno.land/std@0.140.0/bytes/equals.ts": "fc16dff2090cced02497f16483de123dfa91e591029f985029193dfaa9d894c9",
    "https://deno.land/std@0.140.0/bytes/mod.ts": "763f97d33051cc3f28af1a688dfe2830841192a9fea0cbaa55f927b49d49d0bf",
    "https://deno.land/std@0.140.0/fmt/colors.ts": "30455035d6d728394781c10755351742dd731e3db6771b1843f9b9e490104d37",
    "https://deno.land/std@0.140.0/fs/_util.ts": "0fb24eb4bfebc2c194fb1afdb42b9c3dda12e368f43e8f2321f84fc77d42cb0f",
    "https://deno.land/std@0.140.0/fs/ensure_dir.ts": "9dc109c27df4098b9fc12d949612ae5c9c7169507660dcf9ad90631833209d9d",
    "https://deno.land/std@0.140.0/io/buffer.ts": "bd0c4bf53db4b4be916ca5963e454bddfd3fcd45039041ea161dbf826817822b",
    "https://deno.land/std@0.140.0/path/_constants.ts": "df1db3ffa6dd6d1252cc9617e5d72165cd2483df90e93833e13580687b6083c3",
    "https://deno.land/std@0.140.0/path/_interface.ts": "ee3b431a336b80cf445441109d089b70d87d5e248f4f90ff906820889ecf8d09",
    "https://deno.land/std@0.140.0/path/_util.ts": "c1e9686d0164e29f7d880b2158971d805b6e0efc3110d0b3e24e4b8af2190d2b",
    "https://deno.land/std@0.140.0/path/common.ts": "bee563630abd2d97f99d83c96c2fa0cca7cee103e8cb4e7699ec4d5db7bd2633",
    "https://deno.land/std@0.140.0/path/glob.ts": "cb5255638de1048973c3e69e420c77dc04f75755524cb3b2e160fe9277d939ee",
    "https://deno.land/std@0.140.0/path/mod.ts": "d3e68d0abb393fb0bf94a6d07c46ec31dc755b544b13144dee931d8d5f06a52d",
    "https://deno.land/std@0.140.0/path/posix.ts": "293cdaec3ecccec0a9cc2b534302dfe308adb6f10861fa183275d6695faace44",
    "https://deno.land/std@0.140.0/path/separator.ts": "fe1816cb765a8068afb3e8f13ad272351c85cbc739af56dacfc7d93d710fe0f9",
    "https://deno.land/std@0.140.0/path/win32.ts": "31811536855e19ba37a999cd8d1b62078235548d67902ece4aa6b814596dd757",
    "https://deno.land/std@0.140.0/streams/conversion.ts": "712585bfa0172a97fb68dd46e784ae8ad59d11b88079d6a4ab098ff42e697d21",
    "https://deno.land/x/deno_cache@0.6.3/auth_tokens.ts": "5d1d56474c54a9d152e44d43ea17c2e6a398dd1e9682c69811a313567c01ee1e",
    "https://deno.land/x/deno_cache@0.6.3/cache.ts": "58b53c128b742757efcad10af9a3871f23b4e200674cb5b0ddf61164fb9b2fe7",
    "https://deno.land/x/deno_cache@0.6.3/deno_dir.ts": "1ea355b8ba11c630d076b222b197cfc937dd81e5a4a260938997da99e8ff93a0",
    "https://deno.land/x/deno_cache@0.6.3/deps.ts": "85b8134aacba081e0212e609a212f0a8a8de7ee615ec5df580383778b00df0d8",
    "https://deno.land/x/deno_cache@0.6.3/dirs.ts": "009c6f54e0b610914d6ce9f72f6f6ccfffd2d47a79a19061e0a9eb4253836069",
    "https://deno.land/x/deno_cache@0.6.3/disk_cache.ts": "66a1e604a8d564b6dd0500326cac33d08b561d331036bf7272def80f2f7952aa",
    "https://deno.land/x/deno_cache@0.6.3/file_fetcher.ts": "4f3e4a2c78a5ca1e4812099e5083f815a8525ab20d389b560b3517f6b1161dd6",
    "https://deno.land/x/deno_cache@0.6.3/http_cache.ts": "407135eaf2802809ed373c230d57da7ef8dff923c4abf205410b9b99886491fd",
    "https://deno.land/x/deno_cache@0.6.3/lib/deno_cache_dir.generated.js": "59f8defac32e8ebf2a30f7bc77e9d88f0e60098463fb1b75e00b9791a4bbd733",
    "https://deno.land/x/deno_cache@0.6.3/lib/snippets/deno_cache_dir-a2aecaa9536c9402/fs.js": "cbe3a976ed63c72c7cb34ef845c27013033a3b11f9d8d3e2c4aa5dda2c0c7af6",
    "https://deno.land/x/deno_cache@0.6.3/mod.ts": "b4004287e1c6123d7f07fe9b5b3e94ce6d990c4102949a89c527c68b19627867",
    "https://deno.land/x/deno_cache@0.6.3/util.ts": "f3f5a0cfc60051f09162942fb0ee87a0e27b11a12aec4c22076e3006be4cc1e2",
    "https://deno.land/x/deno_graph@0.64.1/deno_graph_wasm.generated.js": "f34428e40b5c7b91ce7a05734d6782a83848cbb7f9f6510a4226d7c8b8ca2d8d",
    "https://deno.land/x/deno_graph@0.64.1/loader.ts": "512a406cb4c449b45110f2b878cd09929a883a4af193060232d2d9fc76a9d4dd",
    "https://deno.land/x/deno_graph@0.64.1/media_type.ts": "7c1c5c6654e3cf84b8daa53c0d1ffc1b7864849406f559b961eccff859b0a417",
    "https://deno.land/x/deno_graph@0.64.1/mod.ts": "c1d12418cfb7c2f913b18a612806c79742ae4917dff70a8326abf009692dbcaf",
    "https://deno.land/x/deno_graph@0.64.1/types.ts": "bde84cb2919068c07e6cf4d8bf3054e8da908f2f221623d5302380df29b96320",
    "https://deno.land/x/denoflate@1.2.1/mod.ts": "f5628e44b80b3d80ed525afa2ba0f12408e3849db817d47a883b801f9ce69dd6",
    "https://deno.land/x/denoflate@1.2.1/pkg/denoflate.js": "b9f9ad9457d3f12f28b1fb35c555f57443427f74decb403113d67364e4f2caf4",
    "https://deno.land/x/denoflate@1.2.1/pkg/denoflate_bg.wasm.js": "d581956245407a2115a3d7e8d85a9641c032940a8e810acbd59ca86afd34d44d",
    "https://deno.land/x/dir@1.5.1/data_local_dir/mod.ts": "91eb1c4bfadfbeda30171007bac6d85aadacd43224a5ed721bbe56bc64e9eb66",
    "https://deno.land/x/esbuild@v0.20.0/mod.js": "5c6fc2e98424ced3a4159c2f267c6bc62b49906e9dc86f724b3d88a482c55c70",
    "https://deno.land/x/import_map@v0.18.3/import_map.generated.js": "48f4ff137e65f32a16b35112b15e4afbddb99bff0cb25737e476e4f5ce12ea98",
    "https://deno.land/x/import_map@v0.18.3/mod.ts": "dd4c4e20639dcfd720a6d41f47bea250db86137901a08988102094678c6b7859",
    "https://deno.land/x/wasmbuild@0.15.1/cache.ts": "9d01b5cb24e7f2a942bbd8d14b093751fa690a6cde8e21709ddc97667e6669ed",
    "https://deno.land/x/wasmbuild@0.15.1/loader.ts": "8c2fc10e21678e42f84c5135d8ab6ab7dc92424c3f05d2354896a29ccfd02a63",
    "https://jsr.io/@std/assert/0.214.0/assert.ts": "501b416473ec27c71885aaf819e363c8df617f89ce68ae57fec7acf9d62743b2",
    "https://jsr.io/@std/assert/0.214.0/assertion_error.ts": "dd027fb33707dbff22cd2ef9b55fdb70e2095876caf3c68ecfbb811505ecc022",
    "https://jsr.io/@std/fs/0.214.0/_to_path_string.ts": "0b02735542f25a8a43254fc78cf7302df5c9588d29b95e766059de588f960c44",
    "https://jsr.io/@std/fs/0.214.0/empty_dir.ts": "c5fe04d0a9d565a663603a3eb753e398836023dceed162a8276c2b10f19c47b1",
    "https://jsr.io/@std/path/0.214.0/_common/assert_path.ts": "2ca275f36ac1788b2acb60fb2b79cb06027198bc2ba6fb7e163efaedde98c297",
    "https://jsr.io/@std/path/0.214.0/_common/constants.ts": "dc5f8057159f4b48cd304eb3027e42f1148cf4df1fb4240774d3492b5d12ac0c",
    "https://jsr.io/@std/path/0.214.0/_common/from_file_url.ts": "d672bdeebc11bf80e99bf266f886c70963107bdd31134c4e249eef51133ceccf",
    "https://jsr.io/@std/path/0.214.0/_common/normalize.ts": "684df4aa71a04bbcc346c692c8485594fc8a90b9408dfbc26ff32cf3e0c98cc8",
    "https://jsr.io/@std/path/0.214.0/_common/normalize_string.ts": "dfdf657a1b1a7db7999f7c575ee7e6b0551d9c20f19486c6c3f5ff428384c965",
    "https://jsr.io/@std/path/0.214.0/_common/relative.ts": "faa2753d9b32320ed4ada0733261e3357c186e5705678d9dd08b97527deae607",
    "https://jsr.io/@std/path/0.214.0/_common/to_file_url.ts": "7f76adbc83ece1bba173e6e98a27c647712cab773d3f8cbe0398b74afc817883",
    "https://jsr.io/@std/path/0.214.0/_os.ts": "8fb9b90fb6b753bd8c77cfd8a33c2ff6c5f5bc185f50de8ca4ac6a05710b2c15",
    "https://jsr.io/@std/path/0.214.0/from_file_url.ts": "7c87244ca07e4065cb024016b03d012facb856cc7aed089d9b6f1e4ea6152316",
    "https://jsr.io/@std/path/0.214.0/join.ts": "ae2ec5ca44c7e84a235fd532e4a0116bfb1f2368b394db1c4fb75e3c0f26a33a",
    "https://jsr.io/@std/path/0.214.0/posix/_util.ts": "1e3937da30f080bfc99fe45d7ed23c47dd8585c5e473b2d771380d3a6937cf9d",
    "https://jsr.io/@std/path/0.214.0/posix/from_file_url.ts": "dc4a092de0d117d94bfd54390b4bc360ea1c68d4a1e42d2ea94d6fe75b483c37",
    "https://jsr.io/@std/path/0.214.0/posix/is_absolute.ts": "e7147b25e786abb51dd888eca89d2fd3770c41e6bd556d19db26cca348fb78a4",
    "https://jsr.io/@std/path/0.214.0/posix/join.ts": "1bbf0d9303160d4b9be76161d0ef73d67198cf7bf66e84d88eb560abc492070f",
    "https://jsr.io/@std/path/0.214.0/posix/normalize.ts": "9b9f666159c0e5ee3df292cf56555547b1be4cd3ca54da6a263a3074b8e44964",
    "https://jsr.io/@std/path/0.214.0/posix/relative.ts": "f0617bf5614ac45462d71d8d03a5bbe3db9f5aaadc9e470a560013d0416d4cc0",
    "https://jsr.io/@std/path/0.214.0/posix/resolve.ts": "00f39f36478ad11b64604ad9b508b137a930aae2423e757ba53ec5f11a919ee1",
    "https://jsr.io/@std/path/0.214.0/posix/to_file_url.ts": "e1c2f7b256100610ae85a443f89404f4b5d730d882c388a76b8e4fa1ecfc5ac7",
    "https://jsr.io/@std/path/0.214.0/relative.ts": "ab739d727180ed8727e34ed71d976912461d98e2b76de3d3de834c1066667add",
    "https://jsr.io/@std/path/0.214.0/resolve.ts": "a6f977bdb4272e79d8d0ed4333e3d71367cc3926acf15ac271f1d059c8494d8d",
    "https://jsr.io/@std/path/0.214.0/to_file_url.ts": "ce1a439e03377882e58f06ef43ef2259d483bab235d1eb727f1637b0a6bd7070",
    "https://jsr.io/@std/path/0.214.0/windows/_util.ts": "d5f47363e5293fced22c984550d5e70e98e266cc3f31769e1710511803d04808",
    "https://jsr.io/@std/path/0.214.0/windows/from_file_url.ts": "d67e4c8e7453597bf8071da6a995d6c9ad41f3c30192dc6494a25beb14647ff7",
    "https://jsr.io/@std/path/0.214.0/windows/is_absolute.ts": "d3534d9fd5680d4c6895bbb59193335e5753cdef875f095297be66eb96f2f530",
    "https://jsr.io/@std/path/0.214.0/windows/join.ts": "ee1a60744acbf2664711fd0e6a9afbb892eb76e2b43f5532f189ad552236b80a",
    "https://jsr.io/@std/path/0.214.0/windows/normalize.ts": "f5d8b971161eff7b4f8e45c7520cbb0c6553ccff7c4b3ced2dfe0d6ad46a2328",
    "https://jsr.io/@std/path/0.214.0/windows/relative.ts": "366eb25bd3469433e47dd4cac52d03048d5e27e8a89e059217065d3afa4e7e71",
    "https://jsr.io/@std/path/0.214.0/windows/resolve.ts": "671e70d150bd933832ffcf02e97572fdfbb8ed199082bdabdf4e92d3e898636e",
    "https://jsr.io/@std/path/0.214.0/windows/to_file_url.ts": "cdead9ba8f1e4062c3c45a7c9fa6384e209b734526b4c6ab36ce2f17339367f5"
  }
}
