{
  "version": "4",
  "specifiers": {
    "npm:react-dom@19.0.0-rc-66855b96-20241106": "19.0.0-rc-66855b96-20241106_react@19.0.0-rc-66855b96-20241106",
    "npm:react@19.0.0-rc-66855b96-20241106": "19.0.0-rc-66855b96-20241106",
    "npm:types-react-dom@19.0.0-rc.1": "19.0.0-rc.1",
    "npm:types-react@19.0.0-rc.1": "19.0.0-rc.1"
  },
  "npm": {
    "@types/prop-types@15.7.13": {
      "integrity": "sha512-hCZTSvwbzWGvhqxp/RqVqwU999pBf2vp7hzIjiYOsl8wqOmUxkQ6ddw1cV3l8811+kdUFus/q4d1Y3E3SyEifA=="
    },
    "@types/react@18.3.12": {
      "integrity": "sha512-D2wOSq/d6Agt28q7rSI3jhU7G6aiuzljDGZ2hTZHIkrTLUI+AF3WMeKkEZ9nN2fkBAlcktT6vcZjDFiIhMYEQw==",
      "dependencies": [
        "@types/prop-types",
        "csstype"
      ]
    },
    "csstype@3.1.3": {
      "integrity": "sha512-M1uQkMl8rQK/szD0LNhtqxIPLpimGm8sOBwU7lLnCpSbTyY3yeU1Vc7l4KT5zT4s/yOxHH5O7tIuuLOCnLADRw=="
    },
    "react-dom@19.0.0-rc-66855b96-20241106_react@19.0.0-rc-66855b96-20241106": {
      "integrity": "sha512-D25vdaytZ1wFIRiwNU98NPQ/upS2P8Co4/oNoa02PzHbh8deWdepjm5qwZM/46OdSiGv4WSWwxP55RO9obqJEQ==",
      "dependencies": [
        "react",
        "scheduler"
      ]
    },
    "react@19.0.0-rc-66855b96-20241106": {
      "integrity": "sha512-klH7xkT71SxRCx4hb1hly5FJB21Hz0ACyxbXYAECEqssUjtJeFUAaI2U1DgJAzkGEnvEm3DkxuBchMC/9K4ipg=="
    },
    "scheduler@0.25.0-rc-66855b96-20241106": {
      "integrity": "sha512-HQXp/Mnp/MMRSXMQF7urNFla+gmtXW/Gr1KliuR0iboTit4KvZRY8KYaq5ccCTAOJiUqQh2rE2F3wgUekmgdlA=="
    },
    "types-react-dom@19.0.0-rc.1": {
      "integrity": "sha512-VSLZJl8VXCD0fAWp7DUTFUDCcZ8DVXOQmjhJMD03odgeFmu14ZQJHCXeETm3BEAhJqfgJaFkLnGkQv88sRx0fQ==",
      "dependencies": [
        "@types/react"
      ]
    },
    "types-react@19.0.0-rc.1": {
      "integrity": "sha512-RshndUfqTW6K3STLPis8BtAYCGOkMbtvYsi90gmVNDZBXUyUc5juf2PE9LfS/JmOlUIRO8cWTS/1MTnmhjDqyQ==",
      "dependencies": [
        "csstype"
      ]
    }
  }
}
